
Microsoft Visual Studio Solution File, Format Version 12.00
# Visual Studio 15
VisualStudioVersion = 15.0.27703.2035
MinimumVisualStudioVersion = 10.0.40219.1
Project("{E24C65DC-7377-472B-9ABA-BC803B73C61A}") = "Web", "..\..\..\Desktop\Web\", "{98011D68-2EB2-4ABD-8F7B-E80E18ADCEAE}"
	ProjectSection(WebsiteProperties) = preProject
		TargetFrameworkMoniker = ".NETFramework,Version%3Dv4.0"
		Debug.AspNetCompiler.VirtualPath = "/localhost_51695"
		Debug.AspNetCompiler.PhysicalPath = "..\..\..\Desktop\Web\"
		Debug.AspNetCompiler.TargetPath = "PrecompiledWeb\localhost_51695\"
		Debug.AspNetCompiler.Updateable = "true"
		Debug.AspNetCompiler.ForceOverwrite = "true"
		Debug.AspNetCompiler.FixedNames = "false"
		Debug.AspNetCompiler.Debug = "True"
		Release.AspNetCompiler.VirtualPath = "/localhost_51695"
		Release.AspNetCompiler.PhysicalPath = "..\..\..\Desktop\Web\"
		Release.AspNetCompiler.TargetPath = "PrecompiledWeb\localhost_51695\"
		Release.AspNetCompiler.Updateable = "true"
		Release.AspNetCompiler.ForceOverwrite = "true"
		Release.AspNetCompiler.FixedNames = "false"
		Release.AspNetCompiler.Debug = "False"
		VWDPort = "51695"
		SlnRelativePath = "..\..\..\Desktop\Web\"
	EndProjectSection
EndProject
Project("{FAE04EC0-301F-11D3-BF4B-00C04F79EFBC}") = "RibeshWeb", "..\RibeshWeb\RibeshWeb.csproj", "{A252945C-2BD0-4E55-9427-633E45D3207F}"
EndProject
Global
	GlobalSection(SolutionConfigurationPlatforms) = preSolution
		Debug|Any CPU = Debug|Any CPU
		Release|Any CPU = Release|Any CPU
	EndGlobalSection
	GlobalSection(ProjectConfigurationPlatforms) = postSolution
		{98011D68-2EB2-4ABD-8F7B-E80E18ADCEAE}.Debug|Any CPU.ActiveCfg = Debug|Any CPU
		{98011D68-2EB2-4ABD-8F7B-E80E18ADCEAE}.Debug|Any CPU.Build.0 = Debug|Any CPU
		{98011D68-2EB2-4ABD-8F7B-E80E18ADCEAE}.Release|Any CPU.ActiveCfg = Debug|Any CPU
		{98011D68-2EB2-4ABD-8F7B-E80E18ADCEAE}.Release|Any CPU.Build.0 = Debug|Any CPU
		{A252945C-2BD0-4E55-9427-633E45D3207F}.Debug|Any CPU.ActiveCfg = Debug|Any CPU
		{A252945C-2BD0-4E55-9427-633E45D3207F}.Debug|Any CPU.Build.0 = Debug|Any CPU
		{A252945C-2BD0-4E55-9427-633E45D3207F}.Release|Any CPU.ActiveCfg = Release|Any CPU
		{A252945C-2BD0-4E55-9427-633E45D3207F}.Release|Any CPU.Build.0 = Release|Any CPU
	EndGlobalSection
	GlobalSection(SolutionProperties) = preSolution
		HideSolutionNode = FALSE
	EndGlobalSection
	GlobalSection(ExtensibilityGlobals) = postSolution
		SolutionGuid = {A56F2C57-3230-4120-A3A1-FCFABA9DC402}
	EndGlobalSection
EndGlobal
